
Microsoft Visual Studio Solution File, Format Version 12.00
# Visual Studio Version 17
VisualStudioVersion = 17.9.34701.34
MinimumVisualStudioVersion = 10.0.40219.1
Project("{FAE04EC0-301F-11D3-BF4B-00C04F79EFBC}") = "Projects for Programming (C#)", "Projects for Programming (C#)\Projects for Programming (C#).csproj", "{7C3FA592-3B34-4C05-B8F9-8B14057123C1}"
EndProject
Project("{FAE04EC0-301F-11D3-BF4B-00C04F79EFBC}") = "WindowsFormsApp1", "WindowsFormsApp1\WindowsFormsApp1.csproj", "{57C840F6-D98E-42EB-964C-D00C0BEA7403}"
EndProject
Global
	GlobalSection(SolutionConfigurationPlatforms) = preSolution
		Debug|Any CPU = Debug|Any CPU
		Release|Any CPU = Release|Any CPU
	EndGlobalSection
	GlobalSection(ProjectConfigurationPlatforms) = postSolution
		{7C3FA592-3B34-4C05-B8F9-8B14057123C1}.Debug|Any CPU.ActiveCfg = Debug|Any CPU
		{7C3FA592-3B34-4C05-B8F9-8B14057123C1}.Debug|Any CPU.Build.0 = Debug|Any CPU
		{7C3FA592-3B34-4C05-B8F9-8B14057123C1}.Release|Any CPU.ActiveCfg = Release|Any CPU
		{7C3FA592-3B34-4C05-B8F9-8B14057123C1}.Release|Any CPU.Build.0 = Release|Any CPU
		{57C840F6-D98E-42EB-964C-D00C0BEA7403}.Debug|Any CPU.ActiveCfg = Debug|Any CPU
		{57C840F6-D98E-42EB-964C-D00C0BEA7403}.Debug|Any CPU.Build.0 = Debug|Any CPU
		{57C840F6-D98E-42EB-964C-D00C0BEA7403}.Release|Any CPU.ActiveCfg = Release|Any CPU
		{57C840F6-D98E-42EB-964C-D00C0BEA7403}.Release|Any CPU.Build.0 = Release|Any CPU
	EndGlobalSection
	GlobalSection(SolutionProperties) = preSolution
		HideSolutionNode = FALSE
	EndGlobalSection
	GlobalSection(ExtensibilityGlobals) = postSolution
		SolutionGuid = {6939255B-51DF-4CC5-88A3-1E20C2BF9563}
	EndGlobalSection
EndGlobal
